
Microsoft Visual Studio Solution File, Format Version 12.00
# Visual Studio 15
VisualStudioVersion = 15.0.28307.572
MinimumVisualStudioVersion = 10.0.40219.1
Project("{9A19103F-16F7-4668-BE54-9A1E7A4F7556}") = "Bank", "Bank\Bank.csproj", "{9F8C32A9-EAE2-407E-8DF1-C26B2010C8C9}"
EndProject
Project("{9A19103F-16F7-4668-BE54-9A1E7A4F7556}") = "BankTests", "BankTests\BankTests.csproj", "{F00AFB62-2F3E-4156-BF81-0AA60E3D35FD}"
EndProject
Project("{2150E333-8FDC-42A3-9474-1A3956D46DE8}") = ".circleci", ".circleci", "{B469375E-C5A7-494C-9B67-D7B319D16E2E}"
	ProjectSection(SolutionItems) = preProject
		config.yml = config.yml
	EndProjectSection
EndProject
Global
	GlobalSection(SolutionConfigurationPlatforms) = preSolution
		Debug|Any CPU = Debug|Any CPU
		Release|Any CPU = Release|Any CPU
	EndGlobalSection
	GlobalSection(ProjectConfigurationPlatforms) = postSolution
		{9F8C32A9-EAE2-407E-8DF1-C26B2010C8C9}.Debug|Any CPU.ActiveCfg = Debug|Any CPU
		{9F8C32A9-EAE2-407E-8DF1-C26B2010C8C9}.Debug|Any CPU.Build.0 = Debug|Any CPU
		{9F8C32A9-EAE2-407E-8DF1-C26B2010C8C9}.Release|Any CPU.ActiveCfg = Release|Any CPU
		{9F8C32A9-EAE2-407E-8DF1-C26B2010C8C9}.Release|Any CPU.Build.0 = Release|Any CPU
		{F00AFB62-2F3E-4156-BF81-0AA60E3D35FD}.Debug|Any CPU.ActiveCfg = Debug|Any CPU
		{F00AFB62-2F3E-4156-BF81-0AA60E3D35FD}.Debug|Any CPU.Build.0 = Debug|Any CPU
		{F00AFB62-2F3E-4156-BF81-0AA60E3D35FD}.Release|Any CPU.ActiveCfg = Release|Any CPU
		{F00AFB62-2F3E-4156-BF81-0AA60E3D35FD}.Release|Any CPU.Build.0 = Release|Any CPU
	EndGlobalSection
	GlobalSection(SolutionProperties) = preSolution
		HideSolutionNode = FALSE
	EndGlobalSection
	GlobalSection(ExtensibilityGlobals) = postSolution
		SolutionGuid = {20E0290D-B52E-447B-8DDD-6287F5D20949}
	EndGlobalSection
EndGlobal
